
Microsoft Visual Studio Solution File, Format Version 12.00
# Visual Studio Version 17
VisualStudioVersion = 17.11.35312.102
MinimumVisualStudioVersion = 10.0.40219.1
Project("{9A19103F-16F7-4668-BE54-9A1E7A4F7556}") = "Tyuiu.StrekalovRA.Sprint1.Task0.V24", "Tyuiu.StrekalovRA.Sprint1.Task0.V24\Tyuiu.StrekalovRA.Sprint1.Task0.V24.csproj", "{EBA40F0A-8D29-4639-89AE-7B62938DDED6}"
EndProject
Project("{9A19103F-16F7-4668-BE54-9A1E7A4F7556}") = "Tyuiu.StrekalovRA.Sprint1.Task0.V24.Lib", "Tyuiu.StrekalovRA.Sprint1.Task0.V24.Lib\Tyuiu.StrekalovRA.Sprint1.Task0.V24.Lib.csproj", "{DAE283BC-17BE-44B8-B4BA-0F1444FCB7A0}"
EndProject
Project("{9A19103F-16F7-4668-BE54-9A1E7A4F7556}") = "Tyuiu.StrekalovRA.Sprint1.Task0.V24.Test", "Tyuiu.StrekalovRA.Sprint1.Task0.V24.Test\Tyuiu.StrekalovRA.Sprint1.Task0.V24.Test.csproj", "{48A6A246-9A6C-4125-8E4D-F33C04B14533}"
EndProject
Project("{9A19103F-16F7-4668-BE54-9A1E7A4F7556}") = "Tyuiu.StrekalovRA.Sprint1.Task1.V14", "Tyuiu.StrekalovRA.Sprint1.Task1.V14\Tyuiu.StrekalovRA.Sprint1.Task1.V14.csproj", "{F79C0976-C594-47B8-9368-F7D914E3D28C}"
EndProject
Project("{9A19103F-16F7-4668-BE54-9A1E7A4F7556}") = "Tyuiu.StrekalovRA.Sprint1.Task1.V14.Lib", "Tyuiu.StrekalovRA.Sprint1.Task1.V14.Lib\Tyuiu.StrekalovRA.Sprint1.Task1.V14.Lib.csproj", "{AFFBFF1D-4D3C-4582-AB38-4F8EA5A9A262}"
EndProject
Project("{9A19103F-16F7-4668-BE54-9A1E7A4F7556}") = "Tyuiu.StrekalovRA.Sprint1.Task1.V14.Test", "Tyuiu.StrekalovRA.Sprint1.Task1.V14.Test\Tyuiu.StrekalovRA.Sprint1.Task1.V14.Test.csproj", "{9AFE24E1-3254-4BC9-B166-1FBA4DCAD5B1}"
EndProject
Project("{2150E333-8FDC-42A3-9474-1A3956D46DE8}") = "TASK_0", "TASK_0", "{4C56723E-7F08-42FA-BDE9-D3B1E145D876}"
EndProject
Project("{2150E333-8FDC-42A3-9474-1A3956D46DE8}") = "TASK_1", "TASK_1", "{9A64AC07-4E47-4749-917A-129B1F1EC8C1}"
EndProject
Project("{2150E333-8FDC-42A3-9474-1A3956D46DE8}") = "TASK_2", "TASK_2", "{EE172FC8-B7E6-40E2-B926-AB94C386D18D}"
EndProject
Project("{FAE04EC0-301F-11D3-BF4B-00C04F79EFBC}") = "Tyuiu.StrekalovRA.Sprint1.Task2.V17", "Tyuiu.StrekalovRA.Sprint1.Task2.V17\Tyuiu.StrekalovRA.Sprint1.Task2.V17.csproj", "{29D4EB7C-601C-44AC-BB58-54765CC93B85}"
EndProject
Project("{FAE04EC0-301F-11D3-BF4B-00C04F79EFBC}") = "Tyuiu.StrekalovRA.Sprint1.Task2.V17.Lib", "Tyuiu.StrekalovRA.Sprint1.Task2.V17.Lib\Tyuiu.StrekalovRA.Sprint1.Task2.V17.Lib.csproj", "{2D985F4B-1680-4E6B-87DE-BAF2D9F732E6}"
EndProject
Project("{FAE04EC0-301F-11D3-BF4B-00C04F79EFBC}") = "Tyuiu.StrekalovRA.Sprint1.Task2.V17.Test", "Tyuiu.StrekalovRA.Sprint1.Task2.V17.Test\Tyuiu.StrekalovRA.Sprint1.Task2.V17.Test.csproj", "{4A4CC7E1-20A1-483A-8319-3C0C4CB26330}"
EndProject
Project("{2150E333-8FDC-42A3-9474-1A3956D46DE8}") = "TASK_3", "TASK_3", "{8AB243DE-ADEA-4D25-95B6-D88F5D65056B}"
EndProject
Project("{FAE04EC0-301F-11D3-BF4B-00C04F79EFBC}") = "Tyuiu.StrekalovRA.Sprint1.Task3.V17", "Tyuiu.StrekalovRA.Sprint1.Task3.V17\Tyuiu.StrekalovRA.Sprint1.Task3.V17.csproj", "{FF8816E6-8037-4D30-9D1B-3A621639BDE3}"
EndProject
Project("{FAE04EC0-301F-11D3-BF4B-00C04F79EFBC}") = "Tyuiu.StrekalovRA.Sprint1.Task3.V17.Lib", "Tyuiu.StrekalovRA.Sprint1.Task3.V17.Lib\Tyuiu.StrekalovRA.Sprint1.Task3.V17.Lib.csproj", "{CD11EFEC-2055-46E9-ADE1-06091A0E3E8E}"
EndProject
Project("{FAE04EC0-301F-11D3-BF4B-00C04F79EFBC}") = "Tyuiu.StrekalovRA.Sprint1.Task3.V17.Test", "Tyuiu.StrekalovRA.Sprint1.Task3.V17.Test\Tyuiu.StrekalovRA.Sprint1.Task3.V17.Test.csproj", "{1286522C-D9E0-4164-8844-B5EEB82FF247}"
EndProject
Project("{2150E333-8FDC-42A3-9474-1A3956D46DE8}") = "TASK_4", "TASK_4", "{DAE2F3C7-2F9A-4162-95B6-D234CEE77859}"
EndProject
Project("{FAE04EC0-301F-11D3-BF4B-00C04F79EFBC}") = "Tyuiu.StrekalovRA.Sprint1.Task4.V17", "Tyuiu.StrekalovRA.Sprint1.Task4.V17\Tyuiu.StrekalovRA.Sprint1.Task4.V17.csproj", "{9A277797-D833-48AC-9558-969723441A8A}"
EndProject
Project("{FAE04EC0-301F-11D3-BF4B-00C04F79EFBC}") = "Tyuiu.StrekalovRA.Sprint1.Task4.V17.Lib", "Tyuiu.StrekalovRA.Sprint1.Task4.V17.Lib\Tyuiu.StrekalovRA.Sprint1.Task4.V17.Lib.csproj", "{6ACD4C80-966E-4192-8F13-BDB5B9D275ED}"
EndProject
Project("{FAE04EC0-301F-11D3-BF4B-00C04F79EFBC}") = "Tyuiu.StrekalovRA.Sprint1.Task4.V17.Test", "Tyuiu.StrekalovRA.Sprint1.Task4.V17.Test\Tyuiu.StrekalovRA.Sprint1.Task4.V17.Test.csproj", "{0567000E-C6E3-4216-931E-189C584F512B}"
EndProject
Project("{2150E333-8FDC-42A3-9474-1A3956D46DE8}") = "TASK_5", "TASK_5", "{2E817AA8-098C-4FC2-BEBA-75C778B43B02}"
EndProject
Global
	GlobalSection(SolutionConfigurationPlatforms) = preSolution
		Debug|Any CPU = Debug|Any CPU
		Release|Any CPU = Release|Any CPU
	EndGlobalSection
	GlobalSection(ProjectConfigurationPlatforms) = postSolution
		{EBA40F0A-8D29-4639-89AE-7B62938DDED6}.Debug|Any CPU.ActiveCfg = Debug|Any CPU
		{EBA40F0A-8D29-4639-89AE-7B62938DDED6}.Debug|Any CPU.Build.0 = Debug|Any CPU
		{EBA40F0A-8D29-4639-89AE-7B62938DDED6}.Release|Any CPU.ActiveCfg = Release|Any CPU
		{EBA40F0A-8D29-4639-89AE-7B62938DDED6}.Release|Any CPU.Build.0 = Release|Any CPU
		{DAE283BC-17BE-44B8-B4BA-0F1444FCB7A0}.Debug|Any CPU.ActiveCfg = Debug|Any CPU
		{DAE283BC-17BE-44B8-B4BA-0F1444FCB7A0}.Debug|Any CPU.Build.0 = Debug|Any CPU
		{DAE283BC-17BE-44B8-B4BA-0F1444FCB7A0}.Release|Any CPU.ActiveCfg = Release|Any CPU
		{DAE283BC-17BE-44B8-B4BA-0F1444FCB7A0}.Release|Any CPU.Build.0 = Release|Any CPU
		{48A6A246-9A6C-4125-8E4D-F33C04B14533}.Debug|Any CPU.ActiveCfg = Debug|Any CPU
		{48A6A246-9A6C-4125-8E4D-F33C04B14533}.Debug|Any CPU.Build.0 = Debug|Any CPU
		{48A6A246-9A6C-4125-8E4D-F33C04B14533}.Release|Any CPU.ActiveCfg = Release|Any CPU
		{48A6A246-9A6C-4125-8E4D-F33C04B14533}.Release|Any CPU.Build.0 = Release|Any CPU
		{F79C0976-C594-47B8-9368-F7D914E3D28C}.Debug|Any CPU.ActiveCfg = Debug|Any CPU
		{F79C0976-C594-47B8-9368-F7D914E3D28C}.Debug|Any CPU.Build.0 = Debug|Any CPU
		{F79C0976-C594-47B8-9368-F7D914E3D28C}.Release|Any CPU.ActiveCfg = Release|Any CPU
		{F79C0976-C594-47B8-9368-F7D914E3D28C}.Release|Any CPU.Build.0 = Release|Any CPU
		{AFFBFF1D-4D3C-4582-AB38-4F8EA5A9A262}.Debug|Any CPU.ActiveCfg = Debug|Any CPU
		{AFFBFF1D-4D3C-4582-AB38-4F8EA5A9A262}.Debug|Any CPU.Build.0 = Debug|Any CPU
		{AFFBFF1D-4D3C-4582-AB38-4F8EA5A9A262}.Release|Any CPU.ActiveCfg = Release|Any CPU
		{AFFBFF1D-4D3C-4582-AB38-4F8EA5A9A262}.Release|Any CPU.Build.0 = Release|Any CPU
		{9AFE24E1-3254-4BC9-B166-1FBA4DCAD5B1}.Debug|Any CPU.ActiveCfg = Debug|Any CPU
		{9AFE24E1-3254-4BC9-B166-1FBA4DCAD5B1}.Debug|Any CPU.Build.0 = Debug|Any CPU
		{9AFE24E1-3254-4BC9-B166-1FBA4DCAD5B1}.Release|Any CPU.ActiveCfg = Release|Any CPU
		{9AFE24E1-3254-4BC9-B166-1FBA4DCAD5B1}.Release|Any CPU.Build.0 = Release|Any CPU
		{29D4EB7C-601C-44AC-BB58-54765CC93B85}.Debug|Any CPU.ActiveCfg = Debug|Any CPU
		{29D4EB7C-601C-44AC-BB58-54765CC93B85}.Debug|Any CPU.Build.0 = Debug|Any CPU
		{29D4EB7C-601C-44AC-BB58-54765CC93B85}.Release|Any CPU.ActiveCfg = Release|Any CPU
		{29D4EB7C-601C-44AC-BB58-54765CC93B85}.Release|Any CPU.Build.0 = Release|Any CPU
		{2D985F4B-1680-4E6B-87DE-BAF2D9F732E6}.Debug|Any CPU.ActiveCfg = Debug|Any CPU
		{2D985F4B-1680-4E6B-87DE-BAF2D9F732E6}.Debug|Any CPU.Build.0 = Debug|Any CPU
		{2D985F4B-1680-4E6B-87DE-BAF2D9F732E6}.Release|Any CPU.ActiveCfg = Release|Any CPU
		{2D985F4B-1680-4E6B-87DE-BAF2D9F732E6}.Release|Any CPU.Build.0 = Release|Any CPU
		{4A4CC7E1-20A1-483A-8319-3C0C4CB26330}.Debug|Any CPU.ActiveCfg = Debug|Any CPU
		{4A4CC7E1-20A1-483A-8319-3C0C4CB26330}.Debug|Any CPU.Build.0 = Debug|Any CPU
		{4A4CC7E1-20A1-483A-8319-3C0C4CB26330}.Release|Any CPU.ActiveCfg = Release|Any CPU
		{4A4CC7E1-20A1-483A-8319-3C0C4CB26330}.Release|Any CPU.Build.0 = Release|Any CPU
		{FF8816E6-8037-4D30-9D1B-3A621639BDE3}.Debug|Any CPU.ActiveCfg = Debug|Any CPU
		{FF8816E6-8037-4D30-9D1B-3A621639BDE3}.Debug|Any CPU.Build.0 = Debug|Any CPU
		{FF8816E6-8037-4D30-9D1B-3A621639BDE3}.Release|Any CPU.ActiveCfg = Release|Any CPU
		{FF8816E6-8037-4D30-9D1B-3A621639BDE3}.Release|Any CPU.Build.0 = Release|Any CPU
		{CD11EFEC-2055-46E9-ADE1-06091A0E3E8E}.Debug|Any CPU.ActiveCfg = Debug|Any CPU
		{CD11EFEC-2055-46E9-ADE1-06091A0E3E8E}.Debug|Any CPU.Build.0 = Debug|Any CPU
		{CD11EFEC-2055-46E9-ADE1-06091A0E3E8E}.Release|Any CPU.ActiveCfg = Release|Any CPU
		{CD11EFEC-2055-46E9-ADE1-06091A0E3E8E}.Release|Any CPU.Build.0 = Release|Any CPU
		{1286522C-D9E0-4164-8844-B5EEB82FF247}.Debug|Any CPU.ActiveCfg = Debug|Any CPU
		{1286522C-D9E0-4164-8844-B5EEB82FF247}.Debug|Any CPU.Build.0 = Debug|Any CPU
		{1286522C-D9E0-4164-8844-B5EEB82FF247}.Release|Any CPU.ActiveCfg = Release|Any CPU
		{1286522C-D9E0-4164-8844-B5EEB82FF247}.Release|Any CPU.Build.0 = Release|Any CPU
		{9A277797-D833-48AC-9558-969723441A8A}.Debug|Any CPU.ActiveCfg = Debug|Any CPU
		{9A277797-D833-48AC-9558-969723441A8A}.Debug|Any CPU.Build.0 = Debug|Any CPU
		{9A277797-D833-48AC-9558-969723441A8A}.Release|Any CPU.ActiveCfg = Release|Any CPU
		{9A277797-D833-48AC-9558-969723441A8A}.Release|Any CPU.Build.0 = Release|Any CPU
		{6ACD4C80-966E-4192-8F13-BDB5B9D275ED}.Debug|Any CPU.ActiveCfg = Debug|Any CPU
		{6ACD4C80-966E-4192-8F13-BDB5B9D275ED}.Debug|Any CPU.Build.0 = Debug|Any CPU
		{6ACD4C80-966E-4192-8F13-BDB5B9D275ED}.Release|Any CPU.ActiveCfg = Release|Any CPU
		{6ACD4C80-966E-4192-8F13-BDB5B9D275ED}.Release|Any CPU.Build.0 = Release|Any CPU
		{0567000E-C6E3-4216-931E-189C584F512B}.Debug|Any CPU.ActiveCfg = Debug|Any CPU
		{0567000E-C6E3-4216-931E-189C584F512B}.Debug|Any CPU.Build.0 = Debug|Any CPU
		{0567000E-C6E3-4216-931E-189C584F512B}.Release|Any CPU.ActiveCfg = Release|Any CPU
		{0567000E-C6E3-4216-931E-189C584F512B}.Release|Any CPU.Build.0 = Release|Any CPU
	EndGlobalSection
	GlobalSection(SolutionProperties) = preSolution
		HideSolutionNode = FALSE
	EndGlobalSection
	GlobalSection(NestedProjects) = preSolution
		{EBA40F0A-8D29-4639-89AE-7B62938DDED6} = {4C56723E-7F08-42FA-BDE9-D3B1E145D876}
		{DAE283BC-17BE-44B8-B4BA-0F1444FCB7A0} = {4C56723E-7F08-42FA-BDE9-D3B1E145D876}
		{48A6A246-9A6C-4125-8E4D-F33C04B14533} = {4C56723E-7F08-42FA-BDE9-D3B1E145D876}
		{F79C0976-C594-47B8-9368-F7D914E3D28C} = {9A64AC07-4E47-4749-917A-129B1F1EC8C1}
		{AFFBFF1D-4D3C-4582-AB38-4F8EA5A9A262} = {9A64AC07-4E47-4749-917A-129B1F1EC8C1}
		{9AFE24E1-3254-4BC9-B166-1FBA4DCAD5B1} = {9A64AC07-4E47-4749-917A-129B1F1EC8C1}
		{29D4EB7C-601C-44AC-BB58-54765CC93B85} = {EE172FC8-B7E6-40E2-B926-AB94C386D18D}
		{2D985F4B-1680-4E6B-87DE-BAF2D9F732E6} = {EE172FC8-B7E6-40E2-B926-AB94C386D18D}
		{4A4CC7E1-20A1-483A-8319-3C0C4CB26330} = {EE172FC8-B7E6-40E2-B926-AB94C386D18D}
		{FF8816E6-8037-4D30-9D1B-3A621639BDE3} = {8AB243DE-ADEA-4D25-95B6-D88F5D65056B}
		{CD11EFEC-2055-46E9-ADE1-06091A0E3E8E} = {8AB243DE-ADEA-4D25-95B6-D88F5D65056B}
		{1286522C-D9E0-4164-8844-B5EEB82FF247} = {8AB243DE-ADEA-4D25-95B6-D88F5D65056B}
		{9A277797-D833-48AC-9558-969723441A8A} = {DAE2F3C7-2F9A-4162-95B6-D234CEE77859}
		{6ACD4C80-966E-4192-8F13-BDB5B9D275ED} = {DAE2F3C7-2F9A-4162-95B6-D234CEE77859}
		{0567000E-C6E3-4216-931E-189C584F512B} = {DAE2F3C7-2F9A-4162-95B6-D234CEE77859}
	EndGlobalSection
	GlobalSection(ExtensibilityGlobals) = postSolution
		SolutionGuid = {9E1A7470-4D01-4270-A231-BC8CF68E6616}
	EndGlobalSection
EndGlobal
